
Microsoft Visual Studio Solution File, Format Version 12.00
# Visual Studio Version 17
VisualStudioVersion = 17.1.32414.318
MinimumVisualStudioVersion = 10.0.40219.1
Project("{9A19103F-16F7-4668-BE54-9A1E7A4F7556}") = "CMNDAT", "CMNDAT\CMNDAT.csproj", "{57D8EDBB-9229-4F9B-90CF-30B3BFC495F3}"
EndProject
Project("{FAE04EC0-301F-11D3-BF4B-00C04F79EFBC}") = "G1L", "G1L\G1L.csproj", "{D1CA48B0-D326-44BF-8881-2B4F563778F8}"
EndProject
Project("{FAE04EC0-301F-11D3-BF4B-00C04F79EFBC}") = "LINKDATA", "LINKDATA\LINKDATA.csproj", "{2487E832-845D-4131-B4B2-1EC4942F4879}"
EndProject
Project("{FAE04EC0-301F-11D3-BF4B-00C04F79EFBC}") = "SCSHDAT", "SCSHDAT\SCSHDAT.csproj", "{E02C9330-F0A1-475A-B299-8B5A1D4B62CE}"
EndProject
Project("{FAE04EC0-301F-11D3-BF4B-00C04F79EFBC}") = "STGDAT", "STGDAT\STGDAT.csproj", "{0A9A8B7B-20BD-4BC2-8810-F47F37BA3B58}"
EndProject
Global
	GlobalSection(SolutionConfigurationPlatforms) = preSolution
		Debug|Any CPU = Debug|Any CPU
		Release|Any CPU = Release|Any CPU
	EndGlobalSection
	GlobalSection(ProjectConfigurationPlatforms) = postSolution
		{57D8EDBB-9229-4F9B-90CF-30B3BFC495F3}.Debug|Any CPU.ActiveCfg = Debug|Any CPU
		{57D8EDBB-9229-4F9B-90CF-30B3BFC495F3}.Debug|Any CPU.Build.0 = Debug|Any CPU
		{57D8EDBB-9229-4F9B-90CF-30B3BFC495F3}.Release|Any CPU.ActiveCfg = Release|Any CPU
		{57D8EDBB-9229-4F9B-90CF-30B3BFC495F3}.Release|Any CPU.Build.0 = Release|Any CPU
		{D1CA48B0-D326-44BF-8881-2B4F563778F8}.Debug|Any CPU.ActiveCfg = Debug|Any CPU
		{D1CA48B0-D326-44BF-8881-2B4F563778F8}.Debug|Any CPU.Build.0 = Debug|Any CPU
		{D1CA48B0-D326-44BF-8881-2B4F563778F8}.Release|Any CPU.ActiveCfg = Release|Any CPU
		{D1CA48B0-D326-44BF-8881-2B4F563778F8}.Release|Any CPU.Build.0 = Release|Any CPU
		{2487E832-845D-4131-B4B2-1EC4942F4879}.Debug|Any CPU.ActiveCfg = Debug|Any CPU
		{2487E832-845D-4131-B4B2-1EC4942F4879}.Debug|Any CPU.Build.0 = Debug|Any CPU
		{2487E832-845D-4131-B4B2-1EC4942F4879}.Release|Any CPU.ActiveCfg = Release|Any CPU
		{2487E832-845D-4131-B4B2-1EC4942F4879}.Release|Any CPU.Build.0 = Release|Any CPU
		{E02C9330-F0A1-475A-B299-8B5A1D4B62CE}.Debug|Any CPU.ActiveCfg = Debug|Any CPU
		{E02C9330-F0A1-475A-B299-8B5A1D4B62CE}.Debug|Any CPU.Build.0 = Debug|Any CPU
		{E02C9330-F0A1-475A-B299-8B5A1D4B62CE}.Release|Any CPU.ActiveCfg = Release|Any CPU
		{E02C9330-F0A1-475A-B299-8B5A1D4B62CE}.Release|Any CPU.Build.0 = Release|Any CPU
		{0A9A8B7B-20BD-4BC2-8810-F47F37BA3B58}.Debug|Any CPU.ActiveCfg = Debug|Any CPU
		{0A9A8B7B-20BD-4BC2-8810-F47F37BA3B58}.Debug|Any CPU.Build.0 = Debug|Any CPU
		{0A9A8B7B-20BD-4BC2-8810-F47F37BA3B58}.Release|Any CPU.ActiveCfg = Release|Any CPU
		{0A9A8B7B-20BD-4BC2-8810-F47F37BA3B58}.Release|Any CPU.Build.0 = Release|Any CPU
	EndGlobalSection
	GlobalSection(SolutionProperties) = preSolution
		HideSolutionNode = FALSE
	EndGlobalSection
	GlobalSection(ExtensibilityGlobals) = postSolution
		SolutionGuid = {7994ADE7-1830-44C5-8D09-FCA3F3C7BCB1}
	EndGlobalSection
EndGlobal
