
Microsoft Visual Studio Solution File, Format Version 12.00
# Visual Studio Version 17
VisualStudioVersion = 17.0.31912.275
MinimumVisualStudioVersion = 10.0.40219.1
Project("{FAE04EC0-301F-11D3-BF4B-00C04F79EFBC}") = "CMNDAT", "CMNDAT\CMNDAT.csproj", "{34C1A571-8DB9-4980-B642-B04A42CC9545}"
EndProject
Project("{FAE04EC0-301F-11D3-BF4B-00C04F79EFBC}") = "SCSHDAT", "SCSHDAT\SCSHDAT.csproj", "{E25AC711-472A-4FEB-AA4D-E4783E972ADD}"
EndProject
Project("{FAE04EC0-301F-11D3-BF4B-00C04F79EFBC}") = "STGDAT", "STGDAT\STGDAT.csproj", "{B43BFC41-D1FF-4BED-87A2-9C09312D4164}"
EndProject
Project("{FAE04EC0-301F-11D3-BF4B-00C04F79EFBC}") = "LINKDATA", "LINKDATA\LINKDATA.csproj", "{8F5068B1-A93E-41CF-AFEE-176EB0AD4977}"
EndProject
Global
	GlobalSection(SolutionConfigurationPlatforms) = preSolution
		Debug|Any CPU = Debug|Any CPU
		Release|Any CPU = Release|Any CPU
	EndGlobalSection
	GlobalSection(ProjectConfigurationPlatforms) = postSolution
		{34C1A571-8DB9-4980-B642-B04A42CC9545}.Debug|Any CPU.ActiveCfg = Debug|Any CPU
		{34C1A571-8DB9-4980-B642-B04A42CC9545}.Debug|Any CPU.Build.0 = Debug|Any CPU
		{34C1A571-8DB9-4980-B642-B04A42CC9545}.Release|Any CPU.ActiveCfg = Release|Any CPU
		{34C1A571-8DB9-4980-B642-B04A42CC9545}.Release|Any CPU.Build.0 = Release|Any CPU
		{E25AC711-472A-4FEB-AA4D-E4783E972ADD}.Debug|Any CPU.ActiveCfg = Debug|Any CPU
		{E25AC711-472A-4FEB-AA4D-E4783E972ADD}.Debug|Any CPU.Build.0 = Debug|Any CPU
		{E25AC711-472A-4FEB-AA4D-E4783E972ADD}.Release|Any CPU.ActiveCfg = Release|Any CPU
		{E25AC711-472A-4FEB-AA4D-E4783E972ADD}.Release|Any CPU.Build.0 = Release|Any CPU
		{B43BFC41-D1FF-4BED-87A2-9C09312D4164}.Debug|Any CPU.ActiveCfg = Debug|Any CPU
		{B43BFC41-D1FF-4BED-87A2-9C09312D4164}.Debug|Any CPU.Build.0 = Debug|Any CPU
		{B43BFC41-D1FF-4BED-87A2-9C09312D4164}.Release|Any CPU.ActiveCfg = Release|Any CPU
		{B43BFC41-D1FF-4BED-87A2-9C09312D4164}.Release|Any CPU.Build.0 = Release|Any CPU
		{8F5068B1-A93E-41CF-AFEE-176EB0AD4977}.Debug|Any CPU.ActiveCfg = Debug|Any CPU
		{8F5068B1-A93E-41CF-AFEE-176EB0AD4977}.Debug|Any CPU.Build.0 = Debug|Any CPU
		{8F5068B1-A93E-41CF-AFEE-176EB0AD4977}.Release|Any CPU.ActiveCfg = Release|Any CPU
		{8F5068B1-A93E-41CF-AFEE-176EB0AD4977}.Release|Any CPU.Build.0 = Release|Any CPU
	EndGlobalSection
	GlobalSection(SolutionProperties) = preSolution
		HideSolutionNode = FALSE
	EndGlobalSection
	GlobalSection(ExtensibilityGlobals) = postSolution
		SolutionGuid = {EDF8EECE-99D7-408B-B39A-1DD754B81850}
	EndGlobalSection
EndGlobal
